
Microsoft Visual Studio Solution File, Format Version 12.00
# Visual Studio Version 17
VisualStudioVersion = 17.11.35327.3
MinimumVisualStudioVersion = 10.0.40219.1
Project("{FAE04EC0-301F-11D3-BF4B-00C04F79EFBC}") = "ConnectedDemo", "ConnectedDemo\ConnectedDemo.csproj", "{9683DF10-17CB-49ED-B7E5-8A9417711EF1}"
EndProject
Global
	GlobalSection(SolutionConfigurationPlatforms) = preSolution
		Debug|Any CPU = Debug|Any CPU
		Release|Any CPU = Release|Any CPU
	EndGlobalSection
	GlobalSection(ProjectConfigurationPlatforms) = postSolution
		{9683DF10-17CB-49ED-B7E5-8A9417711EF1}.Debug|Any CPU.ActiveCfg = Debug|Any CPU
		{9683DF10-17CB-49ED-B7E5-8A9417711EF1}.Debug|Any CPU.Build.0 = Debug|Any CPU
		{9683DF10-17CB-49ED-B7E5-8A9417711EF1}.Release|Any CPU.ActiveCfg = Release|Any CPU
		{9683DF10-17CB-49ED-B7E5-8A9417711EF1}.Release|Any CPU.Build.0 = Release|Any CPU
	EndGlobalSection
	GlobalSection(SolutionProperties) = preSolution
		HideSolutionNode = FALSE
	EndGlobalSection
	GlobalSection(ExtensibilityGlobals) = postSolution
		SolutionGuid = {F4E59583-718D-4E76-BF6D-8B179672876E}
	EndGlobalSection
EndGlobal
